{
    "name": "dapr-ts",
    "lockfileVersion": 2,
    "requires": true,
    "packages": {
        "": {
            "dependencies": {
                "@brendandburns/wasi-http-ts": "file:../../wasi-http-ts/brendandburns-wasi-http-ts-0.11.0.tgz",
                "@deislabs/wasi-experimental-http": "^0.10.0",
                "as-bignum": "^0.2.23",
                "as-wasi": "^0.5.1",
                "json-as": "^0.5.15",
                "visitor-as": "^0.11.4"
            },
            "devDependencies": {
                "@assemblyscript/wasi-shim": "^0.1.0",
                "assemblyscript": "^0.25.0"
            }
        },
        "node_modules/@assemblyscript/loader": {
            "version": "0.19.23",
            "resolved": "https://registry.npmjs.org/@assemblyscript/loader/-/loader-0.19.23.tgz",
            "integrity": "sha512-ulkCYfFbYj01ie1MDOyxv2F6SpRN1TOj7fQxbP07D6HmeR+gr2JLSmINKjga2emB+b1L2KGrFKBTc+e00p54nw=="
        },
        "node_modules/@assemblyscript/wasi-shim": {
            "version": "0.1.0",
            "resolved": "https://registry.npmjs.org/@assemblyscript/wasi-shim/-/wasi-shim-0.1.0.tgz",
            "integrity": "sha512-fSLH7MdJHf2uDW5llA5VCF/CG62Jp2WkYGui9/3vIWs3jDhViGeQF7nMYLUjpigluM5fnq61I6obtCETy39FZw==",
            "funding": {
                "type": "opencollective",
                "url": "https://opencollective.com/assemblyscript"
            }
        },
        "node_modules/@brendandburns/wasi-http-ts": {
            "version": "0.11.0",
            "resolved": "file:../../wasi-http-ts/brendandburns-wasi-http-ts-0.11.0.tgz",
            "integrity": "sha512-jH7BXwWN5HvwKcViAAt97WaOywa/NmTFfjGELp+yT6mxITX8O93Xg1/Xtn2iZKakJrfYZtp9o4v5k+4a1rKC3g==",
            "license": "MIT",
            "dependencies": {
                "as-wasi": "0.5.1",
                "assemblyscript": "^0.25.2"
            }
        },
        "node_modules/@deislabs/wasi-experimental-http": {
            "version": "0.10.0",
            "resolved": "https://registry.npmjs.org/@deislabs/wasi-experimental-http/-/wasi-experimental-http-0.10.0.tgz",
            "integrity": "sha512-5DnyL4TR6j+EC6BBBQEr09kRWQIrOi6EnH94ABgMjr3XIyuKGNmn+HM8SoZ+5X424Ve0dylvD2G/nSroU/Ht/A==",
            "dependencies": {
                "as-wasi": "0.4.4",
                "assemblyscript": "^0.18.16"
            }
        },
        "node_modules/@deislabs/wasi-experimental-http/node_modules/as-wasi": {
            "version": "0.4.4",
            "resolved": "https://registry.npmjs.org/as-wasi/-/as-wasi-0.4.4.tgz",
            "integrity": "sha512-CNeZ3AjKSjrFXRNDRzX1VzxsWz3Fwksn4g0J7tZv5RKz4agKhVlcl0QeMIOOkJms7DujCBCpbelGxNDtvlFKmw=="
        },
        "node_modules/@deislabs/wasi-experimental-http/node_modules/assemblyscript": {
            "version": "0.18.32",
            "resolved": "https://registry.npmjs.org/assemblyscript/-/assemblyscript-0.18.32.tgz",
            "integrity": "sha512-Py6zremwGhO3nSoI/VxyVUzTZfNhTjzNzFDaUdG4JhPJHeG+FzVlEoNCrw4bE5nPc7F+P2DJ8tZQCqIt15ceKw==",
            "dependencies": {
                "binaryen": "100.0.0-nightly.20210413",
                "long": "^4.0.0"
            },
            "bin": {
                "asc": "bin/asc",
                "asinit": "bin/asinit"
            },
            "funding": {
                "type": "opencollective",
                "url": "https://opencollective.com/assemblyscript"
            }
        },
        "node_modules/@deislabs/wasi-experimental-http/node_modules/binaryen": {
            "version": "100.0.0-nightly.20210413",
            "resolved": "https://registry.npmjs.org/binaryen/-/binaryen-100.0.0-nightly.20210413.tgz",
            "integrity": "sha512-EeGLIxQmJS0xnYl+SH34mNBqVMoixKd9nsE7S7z+CtS9A4eoWn3Qjav+XElgunUgXIHAI5yLnYT2TUGnLX2f1w==",
            "bin": {
                "wasm-opt": "bin/wasm-opt"
            }
        },
        "node_modules/@deislabs/wasi-experimental-http/node_modules/long": {
            "version": "4.0.0",
            "resolved": "https://registry.npmjs.org/long/-/long-4.0.0.tgz",
            "integrity": "sha512-XsP+KhQif4bjX1kbuSiySJFNAehNxgLb6hPRGJ9QsUr8ajHkuXGdrHmFUTUUXhDwVX2R5bY4JNZEwbUiMhV+MA=="
        },
        "node_modules/as-bignum": {
            "version": "0.2.23",
            "resolved": "https://registry.npmjs.org/as-bignum/-/as-bignum-0.2.23.tgz",
            "integrity": "sha512-0+GiwHNwyw0lXI+6uzOI6ReNOEsqKihdLJuOYJeqEOfXcIqwtSixLcQ7h9UQaMrroktW/Idmqj2TinpcWTxxJA=="
        },
        "node_modules/as-string-sink": {
            "version": "0.5.2",
            "resolved": "https://registry.npmjs.org/as-string-sink/-/as-string-sink-0.5.2.tgz",
            "integrity": "sha512-HJmhbgJWqfllV7ltZxpMaj/AxSkokb3MzYo1Qd+0HIB9zyzChu1SXBmNc3n0U3XrT6/NIeQvBUegxaXwoUNXAg=="
        },
        "node_modules/as-variant": {
            "version": "0.4.0",
            "resolved": "https://registry.npmjs.org/as-variant/-/as-variant-0.4.0.tgz",
            "integrity": "sha512-EJUrF7R/G+TQ8t/cH2S7Z9t3v4eKfggCr7HBQGVRXCk+eehs7YOfvR7ScTSAt6vsOui9S5zCkXa1gAGZ9F7vJg==",
            "dependencies": {
                "@assemblyscript/loader": "^0.19.5"
            }
        },
        "node_modules/as-wasi": {
            "version": "0.5.1",
            "resolved": "git+ssh://git@github.com/jedisct1/as-wasi.git#21d056aff8ee4d364b664c0b4a54e2efa434ca73",
            "dependencies": {
                "@assemblyscript/wasi-shim": "^0.1"
            }
        },
        "node_modules/assemblyscript": {
            "version": "0.25.2",
            "resolved": "https://registry.npmjs.org/assemblyscript/-/assemblyscript-0.25.2.tgz",
            "integrity": "sha512-67TQOMvKo23htvSK6lhOzsoQjnplNKkdwgq925uBvQZLDbg9pHfAWhg/R8i8tqKrtk6GH8haOJbQY4oNSQqehA==",
            "dependencies": {
                "binaryen": "110.0.0-nightly.20221105",
                "long": "^5.2.0"
            },
            "bin": {
                "asc": "bin/asc.js",
                "asinit": "bin/asinit.js"
            },
            "engines": {
                "node": ">=16.0.0",
                "npm": ">=7.0.0"
            },
            "funding": {
                "type": "opencollective",
                "url": "https://opencollective.com/assemblyscript"
            }
        },
        "node_modules/binaryen": {
            "version": "110.0.0-nightly.20221105",
            "resolved": "https://registry.npmjs.org/binaryen/-/binaryen-110.0.0-nightly.20221105.tgz",
            "integrity": "sha512-OBESOc51q3SwgG8Uv8nMzGnSq7LJpSB/Fu8B3AjlZg6YtCEwRnlDWlnwNB6mdql+VdexfKmNcsrs4K7MYidmdQ==",
            "bin": {
                "wasm-opt": "bin/wasm-opt",
                "wasm2js": "bin/wasm2js"
            }
        },
        "node_modules/json-as": {
            "version": "0.5.15",
            "resolved": "https://registry.npmjs.org/json-as/-/json-as-0.5.15.tgz",
            "integrity": "sha512-10hW3kxVwoVWgIZmvNbZWLiAUFr3Hoh8aa9r7kSesly0261LbQRgXk5ISIjrvUP3z/LfAle9DHWbCTBiNz6EtA==",
            "dependencies": {
                "as-string-sink": "^0.5.0",
                "as-variant": "^0.4.0"
            }
        },
        "node_modules/lodash.clonedeep": {
            "version": "4.5.0",
            "resolved": "https://registry.npmjs.org/lodash.clonedeep/-/lodash.clonedeep-4.5.0.tgz",
            "integrity": "sha512-H5ZhCF25riFd9uB5UCkVKo61m3S/xZk1x4wA6yp/L3RFP6Z/eHH1ymQcGLo7J3GMPfm0V/7m1tryHuGVxpqEBQ=="
        },
        "node_modules/long": {
            "version": "5.2.1",
            "resolved": "https://registry.npmjs.org/long/-/long-5.2.1.tgz",
            "integrity": "sha512-GKSNGeNAtw8IryjjkhZxuKB3JzlcLTwjtiQCHKvqQet81I93kXslhDQruGI/QsddO83mcDToBVy7GqGS/zYf/A=="
        },
        "node_modules/ts-mixer": {
            "version": "6.0.2",
            "resolved": "https://registry.npmjs.org/ts-mixer/-/ts-mixer-6.0.2.tgz",
            "integrity": "sha512-zvHx3VM83m2WYCE8XL99uaM7mFwYSkjR2OZti98fabHrwkjsCvgwChda5xctein3xGOyaQhtTeDq/1H/GNvF3A=="
        },
        "node_modules/visitor-as": {
            "version": "0.11.4",
            "resolved": "https://registry.npmjs.org/visitor-as/-/visitor-as-0.11.4.tgz",
            "integrity": "sha512-uih7AooY2V3LhzobjLqyEQzhYYBGeq0y/rZk295foM1Ko498f24NNXBDyM1SgzcLMFCAT/fpmSRco1BpTIdKNQ==",
            "dependencies": {
                "lodash.clonedeep": "^4.5.0",
                "ts-mixer": "^6.0.2"
            },
            "peerDependencies": {
                "assemblyscript": "^0.25.0"
            }
        }
    },
    "dependencies": {
        "@assemblyscript/loader": {
            "version": "0.19.23",
            "resolved": "https://registry.npmjs.org/@assemblyscript/loader/-/loader-0.19.23.tgz",
            "integrity": "sha512-ulkCYfFbYj01ie1MDOyxv2F6SpRN1TOj7fQxbP07D6HmeR+gr2JLSmINKjga2emB+b1L2KGrFKBTc+e00p54nw=="
        },
        "@assemblyscript/wasi-shim": {
            "version": "0.1.0",
            "resolved": "https://registry.npmjs.org/@assemblyscript/wasi-shim/-/wasi-shim-0.1.0.tgz",
            "integrity": "sha512-fSLH7MdJHf2uDW5llA5VCF/CG62Jp2WkYGui9/3vIWs3jDhViGeQF7nMYLUjpigluM5fnq61I6obtCETy39FZw=="
        },
        "@brendandburns/wasi-http-ts": {
            "version": "file:../../wasi-http-ts/brendandburns-wasi-http-ts-0.11.0.tgz",
            "integrity": "sha512-jH7BXwWN5HvwKcViAAt97WaOywa/NmTFfjGELp+yT6mxITX8O93Xg1/Xtn2iZKakJrfYZtp9o4v5k+4a1rKC3g==",
            "requires": {
                "as-wasi": "0.5.1",
                "assemblyscript": "^0.25.2"
            }
        },
        "@deislabs/wasi-experimental-http": {
            "version": "0.10.0",
            "resolved": "https://registry.npmjs.org/@deislabs/wasi-experimental-http/-/wasi-experimental-http-0.10.0.tgz",
            "integrity": "sha512-5DnyL4TR6j+EC6BBBQEr09kRWQIrOi6EnH94ABgMjr3XIyuKGNmn+HM8SoZ+5X424Ve0dylvD2G/nSroU/Ht/A==",
            "requires": {
                "as-wasi": "0.4.4",
                "assemblyscript": "^0.18.16"
            },
            "dependencies": {
                "as-wasi": {
                    "version": "0.4.4",
                    "resolved": "https://registry.npmjs.org/as-wasi/-/as-wasi-0.4.4.tgz",
                    "integrity": "sha512-CNeZ3AjKSjrFXRNDRzX1VzxsWz3Fwksn4g0J7tZv5RKz4agKhVlcl0QeMIOOkJms7DujCBCpbelGxNDtvlFKmw=="
                },
                "assemblyscript": {
                    "version": "0.18.32",
                    "resolved": "https://registry.npmjs.org/assemblyscript/-/assemblyscript-0.18.32.tgz",
                    "integrity": "sha512-Py6zremwGhO3nSoI/VxyVUzTZfNhTjzNzFDaUdG4JhPJHeG+FzVlEoNCrw4bE5nPc7F+P2DJ8tZQCqIt15ceKw==",
                    "requires": {
                        "binaryen": "100.0.0-nightly.20210413",
                        "long": "^4.0.0"
                    }
                },
                "binaryen": {
                    "version": "100.0.0-nightly.20210413",
                    "resolved": "https://registry.npmjs.org/binaryen/-/binaryen-100.0.0-nightly.20210413.tgz",
                    "integrity": "sha512-EeGLIxQmJS0xnYl+SH34mNBqVMoixKd9nsE7S7z+CtS9A4eoWn3Qjav+XElgunUgXIHAI5yLnYT2TUGnLX2f1w=="
                },
                "long": {
                    "version": "4.0.0",
                    "resolved": "https://registry.npmjs.org/long/-/long-4.0.0.tgz",
                    "integrity": "sha512-XsP+KhQif4bjX1kbuSiySJFNAehNxgLb6hPRGJ9QsUr8ajHkuXGdrHmFUTUUXhDwVX2R5bY4JNZEwbUiMhV+MA=="
                }
            }
        },
        "as-bignum": {
            "version": "0.2.23",
            "resolved": "https://registry.npmjs.org/as-bignum/-/as-bignum-0.2.23.tgz",
            "integrity": "sha512-0+GiwHNwyw0lXI+6uzOI6ReNOEsqKihdLJuOYJeqEOfXcIqwtSixLcQ7h9UQaMrroktW/Idmqj2TinpcWTxxJA=="
        },
        "as-string-sink": {
            "version": "0.5.2",
            "resolved": "https://registry.npmjs.org/as-string-sink/-/as-string-sink-0.5.2.tgz",
            "integrity": "sha512-HJmhbgJWqfllV7ltZxpMaj/AxSkokb3MzYo1Qd+0HIB9zyzChu1SXBmNc3n0U3XrT6/NIeQvBUegxaXwoUNXAg=="
        },
        "as-variant": {
            "version": "0.4.0",
            "resolved": "https://registry.npmjs.org/as-variant/-/as-variant-0.4.0.tgz",
            "integrity": "sha512-EJUrF7R/G+TQ8t/cH2S7Z9t3v4eKfggCr7HBQGVRXCk+eehs7YOfvR7ScTSAt6vsOui9S5zCkXa1gAGZ9F7vJg==",
            "requires": {
                "@assemblyscript/loader": "^0.19.5"
            }
        },
        "as-wasi": {
            "version": "git+ssh://git@github.com/jedisct1/as-wasi.git#21d056aff8ee4d364b664c0b4a54e2efa434ca73",
            "from": "as-wasi@^0.5.1",
            "requires": {
                "@assemblyscript/wasi-shim": "^0.1"
            }
        },
        "assemblyscript": {
            "version": "0.25.2",
            "resolved": "https://registry.npmjs.org/assemblyscript/-/assemblyscript-0.25.2.tgz",
            "integrity": "sha512-67TQOMvKo23htvSK6lhOzsoQjnplNKkdwgq925uBvQZLDbg9pHfAWhg/R8i8tqKrtk6GH8haOJbQY4oNSQqehA==",
            "requires": {
                "binaryen": "110.0.0-nightly.20221105",
                "long": "^5.2.0"
            }
        },
        "binaryen": {
            "version": "110.0.0-nightly.20221105",
            "resolved": "https://registry.npmjs.org/binaryen/-/binaryen-110.0.0-nightly.20221105.tgz",
            "integrity": "sha512-OBESOc51q3SwgG8Uv8nMzGnSq7LJpSB/Fu8B3AjlZg6YtCEwRnlDWlnwNB6mdql+VdexfKmNcsrs4K7MYidmdQ=="
        },
        "json-as": {
            "version": "0.5.15",
            "resolved": "https://registry.npmjs.org/json-as/-/json-as-0.5.15.tgz",
            "integrity": "sha512-10hW3kxVwoVWgIZmvNbZWLiAUFr3Hoh8aa9r7kSesly0261LbQRgXk5ISIjrvUP3z/LfAle9DHWbCTBiNz6EtA==",
            "requires": {
                "as-string-sink": "^0.5.0",
                "as-variant": "^0.4.0"
            }
        },
        "lodash.clonedeep": {
            "version": "4.5.0",
            "resolved": "https://registry.npmjs.org/lodash.clonedeep/-/lodash.clonedeep-4.5.0.tgz",
            "integrity": "sha512-H5ZhCF25riFd9uB5UCkVKo61m3S/xZk1x4wA6yp/L3RFP6Z/eHH1ymQcGLo7J3GMPfm0V/7m1tryHuGVxpqEBQ=="
        },
        "long": {
            "version": "5.2.1",
            "resolved": "https://registry.npmjs.org/long/-/long-5.2.1.tgz",
            "integrity": "sha512-GKSNGeNAtw8IryjjkhZxuKB3JzlcLTwjtiQCHKvqQet81I93kXslhDQruGI/QsddO83mcDToBVy7GqGS/zYf/A=="
        },
        "ts-mixer": {
            "version": "6.0.2",
            "resolved": "https://registry.npmjs.org/ts-mixer/-/ts-mixer-6.0.2.tgz",
            "integrity": "sha512-zvHx3VM83m2WYCE8XL99uaM7mFwYSkjR2OZti98fabHrwkjsCvgwChda5xctein3xGOyaQhtTeDq/1H/GNvF3A=="
        },
        "visitor-as": {
            "version": "0.11.4",
            "resolved": "https://registry.npmjs.org/visitor-as/-/visitor-as-0.11.4.tgz",
            "integrity": "sha512-uih7AooY2V3LhzobjLqyEQzhYYBGeq0y/rZk295foM1Ko498f24NNXBDyM1SgzcLMFCAT/fpmSRco1BpTIdKNQ==",
            "requires": {
                "lodash.clonedeep": "^4.5.0",
                "ts-mixer": "^6.0.2"
            }
        }
    }
}
